
Microsoft Visual Studio Solution File, Format Version 12.00
# Visual Studio 15
VisualStudioVersion = 15.0.28010.2046
MinimumVisualStudioVersion = 10.0.40219.1
Project("{FAE04EC0-301F-11D3-BF4B-00C04F79EFBC}") = "Diary", "Diary\Diary.csproj", "{DB76309A-403B-416C-B5E7-7AFD9D5ACA27}"
EndProject
Project("{FAE04EC0-301F-11D3-BF4B-00C04F79EFBC}") = "Constructors", "Construktors\Constructors.csproj", "{2B9718DE-B6A8-486B-894A-F1048FA6AC1E}"
EndProject
Project("{FAE04EC0-301F-11D3-BF4B-00C04F79EFBC}") = "Odcinek10", "Odcinek10\Odcinek10.csproj", "{3578AF87-2C1E-4680-A727-EB63D31374B2}"
EndProject
Global
	GlobalSection(SolutionConfigurationPlatforms) = preSolution
		Debug|Any CPU = Debug|Any CPU
		Release|Any CPU = Release|Any CPU
	EndGlobalSection
	GlobalSection(ProjectConfigurationPlatforms) = postSolution
		{DB76309A-403B-416C-B5E7-7AFD9D5ACA27}.Debug|Any CPU.ActiveCfg = Debug|Any CPU
		{DB76309A-403B-416C-B5E7-7AFD9D5ACA27}.Debug|Any CPU.Build.0 = Debug|Any CPU
		{DB76309A-403B-416C-B5E7-7AFD9D5ACA27}.Release|Any CPU.ActiveCfg = Release|Any CPU
		{DB76309A-403B-416C-B5E7-7AFD9D5ACA27}.Release|Any CPU.Build.0 = Release|Any CPU
		{2B9718DE-B6A8-486B-894A-F1048FA6AC1E}.Debug|Any CPU.ActiveCfg = Debug|Any CPU
		{2B9718DE-B6A8-486B-894A-F1048FA6AC1E}.Debug|Any CPU.Build.0 = Debug|Any CPU
		{2B9718DE-B6A8-486B-894A-F1048FA6AC1E}.Release|Any CPU.ActiveCfg = Release|Any CPU
		{2B9718DE-B6A8-486B-894A-F1048FA6AC1E}.Release|Any CPU.Build.0 = Release|Any CPU
		{3578AF87-2C1E-4680-A727-EB63D31374B2}.Debug|Any CPU.ActiveCfg = Debug|Any CPU
		{3578AF87-2C1E-4680-A727-EB63D31374B2}.Debug|Any CPU.Build.0 = Debug|Any CPU
		{3578AF87-2C1E-4680-A727-EB63D31374B2}.Release|Any CPU.ActiveCfg = Release|Any CPU
		{3578AF87-2C1E-4680-A727-EB63D31374B2}.Release|Any CPU.Build.0 = Release|Any CPU
	EndGlobalSection
	GlobalSection(SolutionProperties) = preSolution
		HideSolutionNode = FALSE
	EndGlobalSection
	GlobalSection(ExtensibilityGlobals) = postSolution
		SolutionGuid = {DEC2F165-48A2-4AD1-863F-E541B08F05DA}
	EndGlobalSection
EndGlobal
