
Microsoft Visual Studio Solution File, Format Version 12.00
# Visual Studio 15
VisualStudioVersion = 15.0.28010.2046
MinimumVisualStudioVersion = 10.0.40219.1
Project("{FAE04EC0-301F-11D3-BF4B-00C04F79EFBC}") = "Diary", "Diary\Diary.csproj", "{DB76309A-403B-416C-B5E7-7AFD9D5ACA27}"
EndProject
Global
	GlobalSection(SolutionConfigurationPlatforms) = preSolution
		Debug|Any CPU = Debug|Any CPU
		Release|Any CPU = Release|Any CPU
	EndGlobalSection
	GlobalSection(ProjectConfigurationPlatforms) = postSolution
		{DB76309A-403B-416C-B5E7-7AFD9D5ACA27}.Debug|Any CPU.ActiveCfg = Debug|Any CPU
		{DB76309A-403B-416C-B5E7-7AFD9D5ACA27}.Debug|Any CPU.Build.0 = Debug|Any CPU
		{DB76309A-403B-416C-B5E7-7AFD9D5ACA27}.Release|Any CPU.ActiveCfg = Release|Any CPU
		{DB76309A-403B-416C-B5E7-7AFD9D5ACA27}.Release|Any CPU.Build.0 = Release|Any CPU
	EndGlobalSection
	GlobalSection(SolutionProperties) = preSolution
		HideSolutionNode = FALSE
	EndGlobalSection
	GlobalSection(ExtensibilityGlobals) = postSolution
		SolutionGuid = {DEC2F165-48A2-4AD1-863F-E541B08F05DA}
	EndGlobalSection
EndGlobal
